
Microsoft Visual Studio Solution File, Format Version 12.00
# Visual Studio Version 17
VisualStudioVersion = 17.11.35327.3
MinimumVisualStudioVersion = 10.0.40219.1
Project("{FAE04EC0-301F-11D3-BF4B-00C04F79EFBC}") = "WindowsFormsApp9", "WindowsFormsApp9\WindowsFormsApp9.csproj", "{1F51BD96-E687-4207-BB63-99D4542C88D2}"
EndProject
Global
	GlobalSection(SolutionConfigurationPlatforms) = preSolution
		Debug|Any CPU = Debug|Any CPU
		Release|Any CPU = Release|Any CPU
	EndGlobalSection
	GlobalSection(ProjectConfigurationPlatforms) = postSolution
		{1F51BD96-E687-4207-BB63-99D4542C88D2}.Debug|Any CPU.ActiveCfg = Debug|Any CPU
		{1F51BD96-E687-4207-BB63-99D4542C88D2}.Debug|Any CPU.Build.0 = Debug|Any CPU
		{1F51BD96-E687-4207-BB63-99D4542C88D2}.Release|Any CPU.ActiveCfg = Release|Any CPU
		{1F51BD96-E687-4207-BB63-99D4542C88D2}.Release|Any CPU.Build.0 = Release|Any CPU
	EndGlobalSection
	GlobalSection(SolutionProperties) = preSolution
		HideSolutionNode = FALSE
	EndGlobalSection
	GlobalSection(ExtensibilityGlobals) = postSolution
		SolutionGuid = {81ADE41A-31B0-4704-B757-9AC3C7054061}
	EndGlobalSection
EndGlobal
